// !$*UTF8*$!
{
	archiveVersion = 1;
	classes = {
	};
	objectVersion = 51;
	objects = {

/* Begin PBXBuildFile section */
		7601052326984C01000F0937 /* AnnouncementPopupViewController.swift in Sources */ = {isa = PBXBuildFile; fileRef = 7601052226984C01000F0937 /* AnnouncementPopupViewController.swift */; };
		7601053D26985C67000F0937 /* EditBarProfileViewController.swift in Sources */ = {isa = PBXBuildFile; fileRef = 7601053C26985C67000F0937 /* EditBarProfileViewController.swift */; };
		760105412698672A000F0937 /* DrinksTableViewCell.swift in Sources */ = {isa = PBXBuildFile; fileRef = 760105402698672A000F0937 /* DrinksTableViewCell.swift */; };
		76171F552695E306007610C3 /* AddYourBarViewController.swift in Sources */ = {isa = PBXBuildFile; fileRef = 76171F542695E306007610C3 /* AddYourBarViewController.swift */; };
		76171F582695E6DD007610C3 /* ContactInfoTableViewCell.swift in Sources */ = {isa = PBXBuildFile; fileRef = 76171F572695E6DD007610C3 /* ContactInfoTableViewCell.swift */; };
		76171F5B2695E746007610C3 /* BarInfoImageTableViewCell.swift in Sources */ = {isa = PBXBuildFile; fileRef = 76171F5A2695E746007610C3 /* BarInfoImageTableViewCell.swift */; };
		76171F5E2695E87E007610C3 /* OpeningHourTableViewCell.swift in Sources */ = {isa = PBXBuildFile; fileRef = 76171F5D2695E87E007610C3 /* OpeningHourTableViewCell.swift */; };
		76171F612695EC86007610C3 /* OpenHoursHeaderTableViewCell.swift in Sources */ = {isa = PBXBuildFile; fileRef = 76171F602695EC86007610C3 /* OpenHoursHeaderTableViewCell.swift */; };
		76171F642695EFBE007610C3 /* TermsAndConditionTableViewCell.swift in Sources */ = {isa = PBXBuildFile; fileRef = 76171F632695EFBE007610C3 /* TermsAndConditionTableViewCell.swift */; };
		762B08AA2697233800358DB4 /* BarDetailViewController.swift in Sources */ = {isa = PBXBuildFile; fileRef = 762B08A92697233800358DB4 /* BarDetailViewController.swift */; };
		762B08AE2697286C00358DB4 /* AnnouncementTableViewCell.swift in Sources */ = {isa = PBXBuildFile; fileRef = 762B08AD2697286C00358DB4 /* AnnouncementTableViewCell.swift */; };
		762B08B12697291E00358DB4 /* BarGalleryTableViewCell.swift in Sources */ = {isa = PBXBuildFile; fileRef = 762B08B02697291E00358DB4 /* BarGalleryTableViewCell.swift */; };
		762B08B52697295F00358DB4 /* MainCategoryTableViewCell.swift in Sources */ = {isa = PBXBuildFile; fileRef = 762B08B42697295F00358DB4 /* MainCategoryTableViewCell.swift */; };
		762B08B8269729C900358DB4 /* OtherCategoryTableViewCell.swift in Sources */ = {isa = PBXBuildFile; fileRef = 762B08B7269729C900358DB4 /* OtherCategoryTableViewCell.swift */; };
		768FDA1C2697084600C817CB /* DataPolicyViewController.swift in Sources */ = {isa = PBXBuildFile; fileRef = 768FDA1B2697084600C817CB /* DataPolicyViewController.swift */; };
		768FDA242697122700C817CB /* LoginViewController.swift in Sources */ = {isa = PBXBuildFile; fileRef = 768FDA232697122700C817CB /* LoginViewController.swift */; };
		76B096AE269304BA003B37E8 /* AppDelegate.swift in Sources */ = {isa = PBXBuildFile; fileRef = 76B096AD269304BA003B37E8 /* AppDelegate.swift */; };
		76B096B5269304BA003B37E8 /* Main.storyboard in Resources */ = {isa = PBXBuildFile; fileRef = 76B096B3269304BA003B37E8 /* Main.storyboard */; };
		76B096B7269304BE003B37E8 /* Assets.xcassets in Resources */ = {isa = PBXBuildFile; fileRef = 76B096B6269304BE003B37E8 /* Assets.xcassets */; };
		76B096BA269304BE003B37E8 /* LaunchScreen.storyboard in Resources */ = {isa = PBXBuildFile; fileRef = 76B096B8269304BE003B37E8 /* LaunchScreen.storyboard */; };
		76B096F82693063E003B37E8 /* WebServiceResponseDelegate.swift in Sources */ = {isa = PBXBuildFile; fileRef = 76B096CD2693063E003B37E8 /* WebServiceResponseDelegate.swift */; };
		76B096F92693063E003B37E8 /* WebServiceDataParsingDelegate.swift in Sources */ = {isa = PBXBuildFile; fileRef = 76B096CE2693063E003B37E8 /* WebServiceDataParsingDelegate.swift */; };
		76B096FE2693063E003B37E8 /* DatabaseRepresentation.swift in Sources */ = {isa = PBXBuildFile; fileRef = 76B096D42693063E003B37E8 /* DatabaseRepresentation.swift */; };
		76B096FF2693063E003B37E8 /* HelpingDelegates.swift in Sources */ = {isa = PBXBuildFile; fileRef = 76B096D52693063E003B37E8 /* HelpingDelegates.swift */; };
		76B097002693063E003B37E8 /* BadgedBarButtonItem.swift in Sources */ = {isa = PBXBuildFile; fileRef = 76B096D72693063E003B37E8 /* BadgedBarButtonItem.swift */; };
		76B097012693063E003B37E8 /* UIImage+Additions.swift in Sources */ = {isa = PBXBuildFile; fileRef = 76B096D82693063E003B37E8 /* UIImage+Additions.swift */; };
		76B097022693063E003B37E8 /* UIView+Additions.swift in Sources */ = {isa = PBXBuildFile; fileRef = 76B096D92693063E003B37E8 /* UIView+Additions.swift */; };
		76B097032693063E003B37E8 /* UIViewController+Additions.swift in Sources */ = {isa = PBXBuildFile; fileRef = 76B096DA2693063E003B37E8 /* UIViewController+Additions.swift */; };
		76B097042693063E003B37E8 /* NotificationExtension.swift in Sources */ = {isa = PBXBuildFile; fileRef = 76B096DB2693063E003B37E8 /* NotificationExtension.swift */; };
		76B097052693063E003B37E8 /* UIButton+Additions.swift in Sources */ = {isa = PBXBuildFile; fileRef = 76B096DC2693063E003B37E8 /* UIButton+Additions.swift */; };
		76B097062693063E003B37E8 /* CameraViewController.swift in Sources */ = {isa = PBXBuildFile; fileRef = 76B096DD2693063E003B37E8 /* CameraViewController.swift */; };
		76B097072693063E003B37E8 /* Extensions.swift in Sources */ = {isa = PBXBuildFile; fileRef = 76B096DE2693063E003B37E8 /* Extensions.swift */; };
		76B097082693063E003B37E8 /* UITexfield+Additions.swift in Sources */ = {isa = PBXBuildFile; fileRef = 76B096DF2693063E003B37E8 /* UITexfield+Additions.swift */; };
		76B097092693063E003B37E8 /* UIPopUp+Additions.swift in Sources */ = {isa = PBXBuildFile; fileRef = 76B096E02693063E003B37E8 /* UIPopUp+Additions.swift */; };
		76B0970A2693063E003B37E8 /* UISearchBar+Additions.swift in Sources */ = {isa = PBXBuildFile; fileRef = 76B096E12693063E003B37E8 /* UISearchBar+Additions.swift */; };
		76B0970B2693063E003B37E8 /* Utility.swift in Sources */ = {isa = PBXBuildFile; fileRef = 76B096E22693063E003B37E8 /* Utility.swift */; };
		76B0970C2693063E003B37E8 /* NavigationBarExtension.swift in Sources */ = {isa = PBXBuildFile; fileRef = 76B096E32693063E003B37E8 /* NavigationBarExtension.swift */; };
		76B0970D2693063E003B37E8 /* AppStoryBoard.swift in Sources */ = {isa = PBXBuildFile; fileRef = 76B096E42693063E003B37E8 /* AppStoryBoard.swift */; };
		76B0970E2693063E003B37E8 /* UITextView+Additions.swift in Sources */ = {isa = PBXBuildFile; fileRef = 76B096E52693063E003B37E8 /* UITextView+Additions.swift */; };
		76B0970F2693063E003B37E8 /* urlHelper.swift in Sources */ = {isa = PBXBuildFile; fileRef = 76B096E72693063E003B37E8 /* urlHelper.swift */; };
		76B097102693063E003B37E8 /* NVActivityIndicatorPresenter.swift in Sources */ = {isa = PBXBuildFile; fileRef = 76B096E82693063E003B37E8 /* NVActivityIndicatorPresenter.swift */; };
		76B097112693063E003B37E8 /* CommonHelper.swift in Sources */ = {isa = PBXBuildFile; fileRef = 76B096E92693063E003B37E8 /* CommonHelper.swift */; };
		76B097122693063E003B37E8 /* WebServicesHelper.swift in Sources */ = {isa = PBXBuildFile; fileRef = 76B096EA2693063E003B37E8 /* WebServicesHelper.swift */; };
		76B097132693063E003B37E8 /* AlamofireHelper.swift in Sources */ = {isa = PBXBuildFile; fileRef = 76B096EB2693063E003B37E8 /* AlamofireHelper.swift */; };
		76B097142693063E003B37E8 /* LanguageHelper.swift in Sources */ = {isa = PBXBuildFile; fileRef = 76B096EC2693063E003B37E8 /* LanguageHelper.swift */; };
		76B097152693063E003B37E8 /* PopupHelper.swift in Sources */ = {isa = PBXBuildFile; fileRef = 76B096ED2693063E003B37E8 /* PopupHelper.swift */; };
		76B097162693063E003B37E8 /* DateTimeHelper.swift in Sources */ = {isa = PBXBuildFile; fileRef = 76B096EE2693063E003B37E8 /* DateTimeHelper.swift */; };
		76B097172693063E003B37E8 /* ValidationHelper.swift in Sources */ = {isa = PBXBuildFile; fileRef = 76B096EF2693063E003B37E8 /* ValidationHelper.swift */; };
		76B097182693063E003B37E8 /* AsyncUtil.swift in Sources */ = {isa = PBXBuildFile; fileRef = 76B096F02693063E003B37E8 /* AsyncUtil.swift */; };
		76B097192693063E003B37E8 /* ViewControllerHelper.swift in Sources */ = {isa = PBXBuildFile; fileRef = 76B096F12693063E003B37E8 /* ViewControllerHelper.swift */; };
		76B0971A2693063E003B37E8 /* NVActivityIndicatorViewable.swift in Sources */ = {isa = PBXBuildFile; fileRef = 76B096F22693063E003B37E8 /* NVActivityIndicatorViewable.swift */; };
		76B0971B2693063E003B37E8 /* DataBaseHelper.swift in Sources */ = {isa = PBXBuildFile; fileRef = 76B096F32693063E003B37E8 /* DataBaseHelper.swift */; };
		76B0971C2693063E003B37E8 /* NetworkConnection.swift in Sources */ = {isa = PBXBuildFile; fileRef = 76B096F42693063E003B37E8 /* NetworkConnection.swift */; };
		76B0971D2693063E003B37E8 /* Constant.swift in Sources */ = {isa = PBXBuildFile; fileRef = 76B096F62693063E003B37E8 /* Constant.swift */; };
		76B0971E2693063E003B37E8 /* Globals.swift in Sources */ = {isa = PBXBuildFile; fileRef = 76B096F72693063E003B37E8 /* Globals.swift */; };
		76B0974126930905003B37E8 /* LoginModel.swift in Sources */ = {isa = PBXBuildFile; fileRef = 76B0974026930905003B37E8 /* LoginModel.swift */; };
		76D4B4CA269312EA0078945E /* WellcomeViewController.swift in Sources */ = {isa = PBXBuildFile; fileRef = 76D4B4C9269312EA0078945E /* WellcomeViewController.swift */; };
		76D4B4D7269314B40078945E /* OpenSans-Regular.ttf in Resources */ = {isa = PBXBuildFile; fileRef = 76D4B4CD269314B20078945E /* OpenSans-Regular.ttf */; };
		76D4B4D8269314B40078945E /* OpenSans-SemiBold.ttf in Resources */ = {isa = PBXBuildFile; fileRef = 76D4B4CE269314B30078945E /* OpenSans-SemiBold.ttf */; };
		76D4B4D9269314B40078945E /* OpenSans-Italic.ttf in Resources */ = {isa = PBXBuildFile; fileRef = 76D4B4CF269314B30078945E /* OpenSans-Italic.ttf */; };
		76D4B4DA269314B40078945E /* OpenSans-BoldItalic.ttf in Resources */ = {isa = PBXBuildFile; fileRef = 76D4B4D0269314B30078945E /* OpenSans-BoldItalic.ttf */; };
		76D4B4DB269314B40078945E /* OpenSans-ExtraBoldItalic.ttf in Resources */ = {isa = PBXBuildFile; fileRef = 76D4B4D1269314B30078945E /* OpenSans-ExtraBoldItalic.ttf */; };
		76D4B4DC269314B40078945E /* OpenSans-ExtraBold.ttf in Resources */ = {isa = PBXBuildFile; fileRef = 76D4B4D2269314B30078945E /* OpenSans-ExtraBold.ttf */; };
		76D4B4DD269314B40078945E /* OpenSans-Bold.ttf in Resources */ = {isa = PBXBuildFile; fileRef = 76D4B4D3269314B30078945E /* OpenSans-Bold.ttf */; };
		76D4B4DE269314B40078945E /* OpenSans-LightItalic.ttf in Resources */ = {isa = PBXBuildFile; fileRef = 76D4B4D4269314B40078945E /* OpenSans-LightItalic.ttf */; };
		76D4B4DF269314B40078945E /* OpenSans-SemiBoldItalic.ttf in Resources */ = {isa = PBXBuildFile; fileRef = 76D4B4D5269314B40078945E /* OpenSans-SemiBoldItalic.ttf */; };
		76D4B4E0269314B40078945E /* OpenSans-Light.ttf in Resources */ = {isa = PBXBuildFile; fileRef = 76D4B4D6269314B40078945E /* OpenSans-Light.ttf */; };
		76D4B4EF269325DA0078945E /* CustomTabBar.swift in Sources */ = {isa = PBXBuildFile; fileRef = 76D4B4EE269325DA0078945E /* CustomTabBar.swift */; };
		76D4B51426932DAA0078945E /* MapViewController.swift in Sources */ = {isa = PBXBuildFile; fileRef = 76D4B51326932DAA0078945E /* MapViewController.swift */; };
		76D4B537269338090078945E /* GoogleService-Info.plist in Resources */ = {isa = PBXBuildFile; fileRef = 76D4B536269338090078945E /* GoogleService-Info.plist */; };
		76DF092626934E640001F78E /* SettingsViewController.swift in Sources */ = {isa = PBXBuildFile; fileRef = 76DF092526934E640001F78E /* SettingsViewController.swift */; };
		76E992522695AE8C003E6505 /* LocationTableViewCell.swift in Sources */ = {isa = PBXBuildFile; fileRef = 76E992512695AE8C003E6505 /* LocationTableViewCell.swift */; };
		76E992552695AF3A003E6505 /* AddBarTableViewCell.swift in Sources */ = {isa = PBXBuildFile; fileRef = 76E992542695AF3A003E6505 /* AddBarTableViewCell.swift */; };
		76E992582695B023003E6505 /* OnlyShowTableViewCell.swift in Sources */ = {isa = PBXBuildFile; fileRef = 76E992572695B023003E6505 /* OnlyShowTableViewCell.swift */; };
		76E9925B2695B0AC003E6505 /* CommunityTableViewCell.swift in Sources */ = {isa = PBXBuildFile; fileRef = 76E9925A2695B0AC003E6505 /* CommunityTableViewCell.swift */; };
		76E9925E2695B140003E6505 /* BorringStuffTableViewCell.swift in Sources */ = {isa = PBXBuildFile; fileRef = 76E9925D2695B140003E6505 /* BorringStuffTableViewCell.swift */; };
		BA6131329ECD36F372B41122 /* Pods_Bebelo.framework in Frameworks */ = {isa = PBXBuildFile; fileRef = 02DAA9D64C3CF4FB2AB63565 /* Pods_Bebelo.framework */; };
/* End PBXBuildFile section */

/* Begin PBXFileReference section */
		02DAA9D64C3CF4FB2AB63565 /* Pods_Bebelo.framework */ = {isa = PBXFileReference; explicitFileType = wrapper.framework; includeInIndex = 0; path = Pods_Bebelo.framework; sourceTree = BUILT_PRODUCTS_DIR; };
		571310482A45FDAA0AFE3F9D /* Pods-Bebelo.release.xcconfig */ = {isa = PBXFileReference; includeInIndex = 1; lastKnownFileType = text.xcconfig; name = "Pods-Bebelo.release.xcconfig"; path = "Target Support Files/Pods-Bebelo/Pods-Bebelo.release.xcconfig"; sourceTree = "<group>"; };
		7601052226984C01000F0937 /* AnnouncementPopupViewController.swift */ = {isa = PBXFileReference; lastKnownFileType = sourcecode.swift; path = AnnouncementPopupViewController.swift; sourceTree = "<group>"; };
		7601053C26985C67000F0937 /* EditBarProfileViewController.swift */ = {isa = PBXFileReference; lastKnownFileType = sourcecode.swift; path = EditBarProfileViewController.swift; sourceTree = "<group>"; };
		760105402698672A000F0937 /* DrinksTableViewCell.swift */ = {isa = PBXFileReference; lastKnownFileType = sourcecode.swift; path = DrinksTableViewCell.swift; sourceTree = "<group>"; };
		76171F542695E306007610C3 /* AddYourBarViewController.swift */ = {isa = PBXFileReference; lastKnownFileType = sourcecode.swift; path = AddYourBarViewController.swift; sourceTree = "<group>"; };
		76171F572695E6DD007610C3 /* ContactInfoTableViewCell.swift */ = {isa = PBXFileReference; lastKnownFileType = sourcecode.swift; path = ContactInfoTableViewCell.swift; sourceTree = "<group>"; };
		76171F5A2695E746007610C3 /* BarInfoImageTableViewCell.swift */ = {isa = PBXFileReference; lastKnownFileType = sourcecode.swift; path = BarInfoImageTableViewCell.swift; sourceTree = "<group>"; };
		76171F5D2695E87E007610C3 /* OpeningHourTableViewCell.swift */ = {isa = PBXFileReference; lastKnownFileType = sourcecode.swift; path = OpeningHourTableViewCell.swift; sourceTree = "<group>"; };
		76171F602695EC86007610C3 /* OpenHoursHeaderTableViewCell.swift */ = {isa = PBXFileReference; lastKnownFileType = sourcecode.swift; path = OpenHoursHeaderTableViewCell.swift; sourceTree = "<group>"; };
		76171F632695EFBE007610C3 /* TermsAndConditionTableViewCell.swift */ = {isa = PBXFileReference; lastKnownFileType = sourcecode.swift; path = TermsAndConditionTableViewCell.swift; sourceTree = "<group>"; };
		762B08A92697233800358DB4 /* BarDetailViewController.swift */ = {isa = PBXFileReference; lastKnownFileType = sourcecode.swift; path = BarDetailViewController.swift; sourceTree = "<group>"; };
		762B08AD2697286C00358DB4 /* AnnouncementTableViewCell.swift */ = {isa = PBXFileReference; lastKnownFileType = sourcecode.swift; path = AnnouncementTableViewCell.swift; sourceTree = "<group>"; };
		762B08B02697291E00358DB4 /* BarGalleryTableViewCell.swift */ = {isa = PBXFileReference; lastKnownFileType = sourcecode.swift; path = BarGalleryTableViewCell.swift; sourceTree = "<group>"; };
		762B08B42697295F00358DB4 /* MainCategoryTableViewCell.swift */ = {isa = PBXFileReference; lastKnownFileType = sourcecode.swift; path = MainCategoryTableViewCell.swift; sourceTree = "<group>"; };
		762B08B7269729C900358DB4 /* OtherCategoryTableViewCell.swift */ = {isa = PBXFileReference; lastKnownFileType = sourcecode.swift; path = OtherCategoryTableViewCell.swift; sourceTree = "<group>"; };
		768FDA1B2697084600C817CB /* DataPolicyViewController.swift */ = {isa = PBXFileReference; lastKnownFileType = sourcecode.swift; path = DataPolicyViewController.swift; sourceTree = "<group>"; };
		768FDA232697122700C817CB /* LoginViewController.swift */ = {isa = PBXFileReference; lastKnownFileType = sourcecode.swift; path = LoginViewController.swift; sourceTree = "<group>"; };
		76B096AA269304BA003B37E8 /* Bebelo.app */ = {isa = PBXFileReference; explicitFileType = wrapper.application; includeInIndex = 0; path = Bebelo.app; sourceTree = BUILT_PRODUCTS_DIR; };
		76B096AD269304BA003B37E8 /* AppDelegate.swift */ = {isa = PBXFileReference; lastKnownFileType = sourcecode.swift; path = AppDelegate.swift; sourceTree = "<group>"; };
		76B096B4269304BA003B37E8 /* Base */ = {isa = PBXFileReference; lastKnownFileType = file.storyboard; name = Base; path = Base.lproj/Main.storyboard; sourceTree = "<group>"; };
		76B096B6269304BE003B37E8 /* Assets.xcassets */ = {isa = PBXFileReference; lastKnownFileType = folder.assetcatalog; path = Assets.xcassets; sourceTree = "<group>"; };
		76B096B9269304BE003B37E8 /* Base */ = {isa = PBXFileReference; lastKnownFileType = file.storyboard; name = Base; path = Base.lproj/LaunchScreen.storyboard; sourceTree = "<group>"; };
		76B096BB269304BE003B37E8 /* Info.plist */ = {isa = PBXFileReference; lastKnownFileType = text.plist.xml; path = Info.plist; sourceTree = "<group>"; };
		76B096CD2693063E003B37E8 /* WebServiceResponseDelegate.swift */ = {isa = PBXFileReference; fileEncoding = 4; lastKnownFileType = sourcecode.swift; path = WebServiceResponseDelegate.swift; sourceTree = "<group>"; };
		76B096CE2693063E003B37E8 /* WebServiceDataParsingDelegate.swift */ = {isa = PBXFileReference; fileEncoding = 4; lastKnownFileType = sourcecode.swift; path = WebServiceDataParsingDelegate.swift; sourceTree = "<group>"; };
		76B096D42693063E003B37E8 /* DatabaseRepresentation.swift */ = {isa = PBXFileReference; fileEncoding = 4; lastKnownFileType = sourcecode.swift; path = DatabaseRepresentation.swift; sourceTree = "<group>"; };
		76B096D52693063E003B37E8 /* HelpingDelegates.swift */ = {isa = PBXFileReference; fileEncoding = 4; lastKnownFileType = sourcecode.swift; path = HelpingDelegates.swift; sourceTree = "<group>"; };
		76B096D72693063E003B37E8 /* BadgedBarButtonItem.swift */ = {isa = PBXFileReference; fileEncoding = 4; lastKnownFileType = sourcecode.swift; path = BadgedBarButtonItem.swift; sourceTree = "<group>"; };
		76B096D82693063E003B37E8 /* UIImage+Additions.swift */ = {isa = PBXFileReference; fileEncoding = 4; lastKnownFileType = sourcecode.swift; path = "UIImage+Additions.swift"; sourceTree = "<group>"; };
		76B096D92693063E003B37E8 /* UIView+Additions.swift */ = {isa = PBXFileReference; fileEncoding = 4; lastKnownFileType = sourcecode.swift; path = "UIView+Additions.swift"; sourceTree = "<group>"; };
		76B096DA2693063E003B37E8 /* UIViewController+Additions.swift */ = {isa = PBXFileReference; fileEncoding = 4; lastKnownFileType = sourcecode.swift; path = "UIViewController+Additions.swift"; sourceTree = "<group>"; };
		76B096DB2693063E003B37E8 /* NotificationExtension.swift */ = {isa = PBXFileReference; fileEncoding = 4; lastKnownFileType = sourcecode.swift; path = NotificationExtension.swift; sourceTree = "<group>"; };
		76B096DC2693063E003B37E8 /* UIButton+Additions.swift */ = {isa = PBXFileReference; fileEncoding = 4; lastKnownFileType = sourcecode.swift; path = "UIButton+Additions.swift"; sourceTree = "<group>"; };
		76B096DD2693063E003B37E8 /* CameraViewController.swift */ = {isa = PBXFileReference; fileEncoding = 4; lastKnownFileType = sourcecode.swift; path = CameraViewController.swift; sourceTree = "<group>"; };
		76B096DE2693063E003B37E8 /* Extensions.swift */ = {isa = PBXFileReference; fileEncoding = 4; lastKnownFileType = sourcecode.swift; path = Extensions.swift; sourceTree = "<group>"; };
		76B096DF2693063E003B37E8 /* UITexfield+Additions.swift */ = {isa = PBXFileReference; fileEncoding = 4; lastKnownFileType = sourcecode.swift; path = "UITexfield+Additions.swift"; sourceTree = "<group>"; };
		76B096E02693063E003B37E8 /* UIPopUp+Additions.swift */ = {isa = PBXFileReference; fileEncoding = 4; lastKnownFileType = sourcecode.swift; path = "UIPopUp+Additions.swift"; sourceTree = "<group>"; };
		76B096E12693063E003B37E8 /* UISearchBar+Additions.swift */ = {isa = PBXFileReference; fileEncoding = 4; lastKnownFileType = sourcecode.swift; path = "UISearchBar+Additions.swift"; sourceTree = "<group>"; };
		76B096E22693063E003B37E8 /* Utility.swift */ = {isa = PBXFileReference; fileEncoding = 4; lastKnownFileType = sourcecode.swift; path = Utility.swift; sourceTree = "<group>"; };
		76B096E32693063E003B37E8 /* NavigationBarExtension.swift */ = {isa = PBXFileReference; fileEncoding = 4; lastKnownFileType = sourcecode.swift; path = NavigationBarExtension.swift; sourceTree = "<group>"; };
		76B096E42693063E003B37E8 /* AppStoryBoard.swift */ = {isa = PBXFileReference; fileEncoding = 4; lastKnownFileType = sourcecode.swift; path = AppStoryBoard.swift; sourceTree = "<group>"; };
		76B096E52693063E003B37E8 /* UITextView+Additions.swift */ = {isa = PBXFileReference; fileEncoding = 4; lastKnownFileType = sourcecode.swift; path = "UITextView+Additions.swift"; sourceTree = "<group>"; };
		76B096E72693063E003B37E8 /* urlHelper.swift */ = {isa = PBXFileReference; fileEncoding = 4; lastKnownFileType = sourcecode.swift; path = urlHelper.swift; sourceTree = "<group>"; };
		76B096E82693063E003B37E8 /* NVActivityIndicatorPresenter.swift */ = {isa = PBXFileReference; fileEncoding = 4; lastKnownFileType = sourcecode.swift; path = NVActivityIndicatorPresenter.swift; sourceTree = "<group>"; };
		76B096E92693063E003B37E8 /* CommonHelper.swift */ = {isa = PBXFileReference; fileEncoding = 4; lastKnownFileType = sourcecode.swift; path = CommonHelper.swift; sourceTree = "<group>"; };
		76B096EA2693063E003B37E8 /* WebServicesHelper.swift */ = {isa = PBXFileReference; fileEncoding = 4; lastKnownFileType = sourcecode.swift; path = WebServicesHelper.swift; sourceTree = "<group>"; };
		76B096EB2693063E003B37E8 /* AlamofireHelper.swift */ = {isa = PBXFileReference; fileEncoding = 4; lastKnownFileType = sourcecode.swift; path = AlamofireHelper.swift; sourceTree = "<group>"; };
		76B096EC2693063E003B37E8 /* LanguageHelper.swift */ = {isa = PBXFileReference; fileEncoding = 4; lastKnownFileType = sourcecode.swift; path = LanguageHelper.swift; sourceTree = "<group>"; };
		76B096ED2693063E003B37E8 /* PopupHelper.swift */ = {isa = PBXFileReference; fileEncoding = 4; lastKnownFileType = sourcecode.swift; path = PopupHelper.swift; sourceTree = "<group>"; };
		76B096EE2693063E003B37E8 /* DateTimeHelper.swift */ = {isa = PBXFileReference; fileEncoding = 4; lastKnownFileType = sourcecode.swift; path = DateTimeHelper.swift; sourceTree = "<group>"; };
		76B096EF2693063E003B37E8 /* ValidationHelper.swift */ = {isa = PBXFileReference; fileEncoding = 4; lastKnownFileType = sourcecode.swift; path = ValidationHelper.swift; sourceTree = "<group>"; };
		76B096F02693063E003B37E8 /* AsyncUtil.swift */ = {isa = PBXFileReference; fileEncoding = 4; lastKnownFileType = sourcecode.swift; path = AsyncUtil.swift; sourceTree = "<group>"; };
		76B096F12693063E003B37E8 /* ViewControllerHelper.swift */ = {isa = PBXFileReference; fileEncoding = 4; lastKnownFileType = sourcecode.swift; path = ViewControllerHelper.swift; sourceTree = "<group>"; };
		76B096F22693063E003B37E8 /* NVActivityIndicatorViewable.swift */ = {isa = PBXFileReference; fileEncoding = 4; lastKnownFileType = sourcecode.swift; path = NVActivityIndicatorViewable.swift; sourceTree = "<group>"; };
		76B096F32693063E003B37E8 /* DataBaseHelper.swift */ = {isa = PBXFileReference; fileEncoding = 4; lastKnownFileType = sourcecode.swift; path = DataBaseHelper.swift; sourceTree = "<group>"; };
		76B096F42693063E003B37E8 /* NetworkConnection.swift */ = {isa = PBXFileReference; fileEncoding = 4; lastKnownFileType = sourcecode.swift; path = NetworkConnection.swift; sourceTree = "<group>"; };
		76B096F62693063E003B37E8 /* Constant.swift */ = {isa = PBXFileReference; fileEncoding = 4; lastKnownFileType = sourcecode.swift; path = Constant.swift; sourceTree = "<group>"; };
		76B096F72693063E003B37E8 /* Globals.swift */ = {isa = PBXFileReference; fileEncoding = 4; lastKnownFileType = sourcecode.swift; path = Globals.swift; sourceTree = "<group>"; };
		76B0974026930905003B37E8 /* LoginModel.swift */ = {isa = PBXFileReference; fileEncoding = 4; lastKnownFileType = sourcecode.swift; path = LoginModel.swift; sourceTree = "<group>"; };
		76D4B4C9269312EA0078945E /* WellcomeViewController.swift */ = {isa = PBXFileReference; lastKnownFileType = sourcecode.swift; path = WellcomeViewController.swift; sourceTree = "<group>"; };
		76D4B4CD269314B20078945E /* OpenSans-Regular.ttf */ = {isa = PBXFileReference; lastKnownFileType = file; path = "OpenSans-Regular.ttf"; sourceTree = "<group>"; };
		76D4B4CE269314B30078945E /* OpenSans-SemiBold.ttf */ = {isa = PBXFileReference; lastKnownFileType = file; path = "OpenSans-SemiBold.ttf"; sourceTree = "<group>"; };
		76D4B4CF269314B30078945E /* OpenSans-Italic.ttf */ = {isa = PBXFileReference; lastKnownFileType = file; path = "OpenSans-Italic.ttf"; sourceTree = "<group>"; };
		76D4B4D0269314B30078945E /* OpenSans-BoldItalic.ttf */ = {isa = PBXFileReference; lastKnownFileType = file; path = "OpenSans-BoldItalic.ttf"; sourceTree = "<group>"; };
		76D4B4D1269314B30078945E /* OpenSans-ExtraBoldItalic.ttf */ = {isa = PBXFileReference; lastKnownFileType = file; path = "OpenSans-ExtraBoldItalic.ttf"; sourceTree = "<group>"; };
		76D4B4D2269314B30078945E /* OpenSans-ExtraBold.ttf */ = {isa = PBXFileReference; lastKnownFileType = file; path = "OpenSans-ExtraBold.ttf"; sourceTree = "<group>"; };
		76D4B4D3269314B30078945E /* OpenSans-Bold.ttf */ = {isa = PBXFileReference; lastKnownFileType = file; path = "OpenSans-Bold.ttf"; sourceTree = "<group>"; };
		76D4B4D4269314B40078945E /* OpenSans-LightItalic.ttf */ = {isa = PBXFileReference; lastKnownFileType = file; path = "OpenSans-LightItalic.ttf"; sourceTree = "<group>"; };
		76D4B4D5269314B40078945E /* OpenSans-SemiBoldItalic.ttf */ = {isa = PBXFileReference; lastKnownFileType = file; path = "OpenSans-SemiBoldItalic.ttf"; sourceTree = "<group>"; };
		76D4B4D6269314B40078945E /* OpenSans-Light.ttf */ = {isa = PBXFileReference; lastKnownFileType = file; path = "OpenSans-Light.ttf"; sourceTree = "<group>"; };
		76D4B4E3269318700078945E /* Cabin-SemiBold.ttf */ = {isa = PBXFileReference; lastKnownFileType = file; path = "Cabin-SemiBold.ttf"; sourceTree = "<group>"; };
		76D4B4E4269318700078945E /* Cabin-SemiBoldItalic.ttf */ = {isa = PBXFileReference; lastKnownFileType = file; path = "Cabin-SemiBoldItalic.ttf"; sourceTree = "<group>"; };
		76D4B4E5269318700078945E /* Cabin-Italic.ttf */ = {isa = PBXFileReference; lastKnownFileType = file; path = "Cabin-Italic.ttf"; sourceTree = "<group>"; };
		76D4B4E6269318700078945E /* Cabin-Bold.ttf */ = {isa = PBXFileReference; lastKnownFileType = file; path = "Cabin-Bold.ttf"; sourceTree = "<group>"; };
		76D4B4E7269318700078945E /* Cabin-Medium.ttf */ = {isa = PBXFileReference; lastKnownFileType = file; path = "Cabin-Medium.ttf"; sourceTree = "<group>"; };
		76D4B4E8269318700078945E /* Cabin-Regular.ttf */ = {isa = PBXFileReference; lastKnownFileType = file; path = "Cabin-Regular.ttf"; sourceTree = "<group>"; };
		76D4B4E9269318710078945E /* Cabin-MediumItalic.ttf */ = {isa = PBXFileReference; lastKnownFileType = file; path = "Cabin-MediumItalic.ttf"; sourceTree = "<group>"; };
		76D4B4EA269318710078945E /* Cabin-BoldItalic.ttf */ = {isa = PBXFileReference; lastKnownFileType = file; path = "Cabin-BoldItalic.ttf"; sourceTree = "<group>"; };
		76D4B4EE269325DA0078945E /* CustomTabBar.swift */ = {isa = PBXFileReference; lastKnownFileType = sourcecode.swift; path = CustomTabBar.swift; sourceTree = "<group>"; };
		76D4B51326932DAA0078945E /* MapViewController.swift */ = {isa = PBXFileReference; lastKnownFileType = sourcecode.swift; path = MapViewController.swift; sourceTree = "<group>"; };
		76D4B536269338090078945E /* GoogleService-Info.plist */ = {isa = PBXFileReference; fileEncoding = 4; lastKnownFileType = text.plist.xml; path = "GoogleService-Info.plist"; sourceTree = "<group>"; };
		76DF092526934E640001F78E /* SettingsViewController.swift */ = {isa = PBXFileReference; lastKnownFileType = sourcecode.swift; path = SettingsViewController.swift; sourceTree = "<group>"; };
		76E992512695AE8C003E6505 /* LocationTableViewCell.swift */ = {isa = PBXFileReference; lastKnownFileType = sourcecode.swift; path = LocationTableViewCell.swift; sourceTree = "<group>"; };
		76E992542695AF3A003E6505 /* AddBarTableViewCell.swift */ = {isa = PBXFileReference; lastKnownFileType = sourcecode.swift; path = AddBarTableViewCell.swift; sourceTree = "<group>"; };
		76E992572695B023003E6505 /* OnlyShowTableViewCell.swift */ = {isa = PBXFileReference; lastKnownFileType = sourcecode.swift; path = OnlyShowTableViewCell.swift; sourceTree = "<group>"; };
		76E9925A2695B0AC003E6505 /* CommunityTableViewCell.swift */ = {isa = PBXFileReference; lastKnownFileType = sourcecode.swift; path = CommunityTableViewCell.swift; sourceTree = "<group>"; };
		76E9925D2695B140003E6505 /* BorringStuffTableViewCell.swift */ = {isa = PBXFileReference; lastKnownFileType = sourcecode.swift; path = BorringStuffTableViewCell.swift; sourceTree = "<group>"; };
		842A172AF2913CCEFF44A876 /* Pods-Bebelo.debug.xcconfig */ = {isa = PBXFileReference; includeInIndex = 1; lastKnownFileType = text.xcconfig; name = "Pods-Bebelo.debug.xcconfig"; path = "Target Support Files/Pods-Bebelo/Pods-Bebelo.debug.xcconfig"; sourceTree = "<group>"; };
/* End PBXFileReference section */

/* Begin PBXFrameworksBuildPhase section */
		76B096A7269304BA003B37E8 /* Frameworks */ = {
			isa = PBXFrameworksBuildPhase;
			buildActionMask = 2147483647;
			files = (
				BA6131329ECD36F372B41122 /* Pods_Bebelo.framework in Frameworks */,
			);
			runOnlyForDeploymentPostprocessing = 0;
		};
/* End PBXFrameworksBuildPhase section */

/* Begin PBXGroup section */
		3F09C8ECCB64FC873ADF47E8 /* Frameworks */ = {
			isa = PBXGroup;
			children = (
				02DAA9D64C3CF4FB2AB63565 /* Pods_Bebelo.framework */,
			);
			name = Frameworks;
			sourceTree = "<group>";
		};
		7601051E26984BB5000F0937 /* Add Announcement Popup */ = {
			isa = PBXGroup;
			children = (
				7601052126984BCE000F0937 /* Model */,
				7601052026984BC9000F0937 /* View */,
				7601051F26984BC1000F0937 /* Controller */,
			);
			path = "Add Announcement Popup";
			sourceTree = "<group>";
		};
		7601051F26984BC1000F0937 /* Controller */ = {
			isa = PBXGroup;
			children = (
				7601052226984C01000F0937 /* AnnouncementPopupViewController.swift */,
			);
			path = Controller;
			sourceTree = "<group>";
		};
		7601052026984BC9000F0937 /* View */ = {
			isa = PBXGroup;
			children = (
			);
			path = View;
			sourceTree = "<group>";
		};
		7601052126984BCE000F0937 /* Model */ = {
			isa = PBXGroup;
			children = (
			);
			path = Model;
			sourceTree = "<group>";
		};
		7601053826985C3D000F0937 /* Edit Bar profile */ = {
			isa = PBXGroup;
			children = (
				7601053B26985C55000F0937 /* Model */,
				7601053A26985C4F000F0937 /* View */,
				7601053926985C4A000F0937 /* Controller */,
			);
			path = "Edit Bar profile";
			sourceTree = "<group>";
		};
		7601053926985C4A000F0937 /* Controller */ = {
			isa = PBXGroup;
			children = (
				7601053C26985C67000F0937 /* EditBarProfileViewController.swift */,
			);
			path = Controller;
			sourceTree = "<group>";
		};
		7601053A26985C4F000F0937 /* View */ = {
			isa = PBXGroup;
			children = (
				760105402698672A000F0937 /* DrinksTableViewCell.swift */,
			);
			path = View;
			sourceTree = "<group>";
		};
		7601053B26985C55000F0937 /* Model */ = {
			isa = PBXGroup;
			children = (
			);
			path = Model;
			sourceTree = "<group>";
		};
		76171F502695E2D9007610C3 /* Add your bar */ = {
			isa = PBXGroup;
			children = (
				76171F532695E2EE007610C3 /* Model */,
				76171F522695E2E8007610C3 /* View */,
				76171F512695E2E3007610C3 /* Controller */,
			);
			path = "Add your bar";
			sourceTree = "<group>";
		};
		76171F512695E2E3007610C3 /* Controller */ = {
			isa = PBXGroup;
			children = (
				76171F542695E306007610C3 /* AddYourBarViewController.swift */,
			);
			path = Controller;
			sourceTree = "<group>";
		};
		76171F522695E2E8007610C3 /* View */ = {
			isa = PBXGroup;
			children = (
				76171F572695E6DD007610C3 /* ContactInfoTableViewCell.swift */,
				76171F5A2695E746007610C3 /* BarInfoImageTableViewCell.swift */,
				76171F5D2695E87E007610C3 /* OpeningHourTableViewCell.swift */,
				76171F602695EC86007610C3 /* OpenHoursHeaderTableViewCell.swift */,
				76171F632695EFBE007610C3 /* TermsAndConditionTableViewCell.swift */,
			);
			path = View;
			sourceTree = "<group>";
		};
		76171F532695E2EE007610C3 /* Model */ = {
			isa = PBXGroup;
			children = (
			);
			path = Model;
			sourceTree = "<group>";
		};
		762B08A52697231300358DB4 /* Bar Detail */ = {
			isa = PBXGroup;
			children = (
				762B08A82697232700358DB4 /* Model */,
				762B08A72697232200358DB4 /* View */,
				762B08A62697231B00358DB4 /* Controller */,
			);
			path = "Bar Detail";
			sourceTree = "<group>";
		};
		762B08A62697231B00358DB4 /* Controller */ = {
			isa = PBXGroup;
			children = (
				762B08A92697233800358DB4 /* BarDetailViewController.swift */,
			);
			path = Controller;
			sourceTree = "<group>";
		};
		762B08A72697232200358DB4 /* View */ = {
			isa = PBXGroup;
			children = (
				762B08AD2697286C00358DB4 /* AnnouncementTableViewCell.swift */,
				762B08B02697291E00358DB4 /* BarGalleryTableViewCell.swift */,
				762B08B42697295F00358DB4 /* MainCategoryTableViewCell.swift */,
				762B08B7269729C900358DB4 /* OtherCategoryTableViewCell.swift */,
			);
			path = View;
			sourceTree = "<group>";
		};
		762B08A82697232700358DB4 /* Model */ = {
			isa = PBXGroup;
			children = (
			);
			path = Model;
			sourceTree = "<group>";
		};
		768FDA172697080E00C817CB /* DataPolicy */ = {
			isa = PBXGroup;
			children = (
				768FDA1A2697082700C817CB /* Model */,
				768FDA192697081F00C817CB /* View */,
				768FDA182697081800C817CB /* Controller */,
			);
			path = DataPolicy;
			sourceTree = "<group>";
		};
		768FDA182697081800C817CB /* Controller */ = {
			isa = PBXGroup;
			children = (
				768FDA1B2697084600C817CB /* DataPolicyViewController.swift */,
			);
			path = Controller;
			sourceTree = "<group>";
		};
		768FDA192697081F00C817CB /* View */ = {
			isa = PBXGroup;
			children = (
			);
			path = View;
			sourceTree = "<group>";
		};
		768FDA1A2697082700C817CB /* Model */ = {
			isa = PBXGroup;
			children = (
			);
			path = Model;
			sourceTree = "<group>";
		};
		76B096A1269304BA003B37E8 = {
			isa = PBXGroup;
			children = (
				76B096AC269304BA003B37E8 /* Bebelo */,
				76B096AB269304BA003B37E8 /* Products */,
				A3FA8D30203BCF1B9F2338E6 /* Pods */,
				3F09C8ECCB64FC873ADF47E8 /* Frameworks */,
			);
			sourceTree = "<group>";
		};
		76B096AB269304BA003B37E8 /* Products */ = {
			isa = PBXGroup;
			children = (
				76B096AA269304BA003B37E8 /* Bebelo.app */,
			);
			name = Products;
			sourceTree = "<group>";
		};
		76B096AC269304BA003B37E8 /* Bebelo */ = {
			isa = PBXGroup;
			children = (
				76D4B4CC269314980078945E /* Font */,
				76B096CC2693063E003B37E8 /* Delegates */,
				76B096D62693063E003B37E8 /* Extension */,
				76B096F52693063E003B37E8 /* Global */,
				76B096E62693063E003B37E8 /* HelperClasses */,
				76B096C5269305E7003B37E8 /* Controllers */,
				76B096AD269304BA003B37E8 /* AppDelegate.swift */,
				76B096B3269304BA003B37E8 /* Main.storyboard */,
				76B096B6269304BE003B37E8 /* Assets.xcassets */,
				76B096B8269304BE003B37E8 /* LaunchScreen.storyboard */,
				76B096BB269304BE003B37E8 /* Info.plist */,
				76D4B536269338090078945E /* GoogleService-Info.plist */,
			);
			path = Bebelo;
			sourceTree = "<group>";
		};
		76B096C5269305E7003B37E8 /* Controllers */ = {
			isa = PBXGroup;
			children = (
				7601053826985C3D000F0937 /* Edit Bar profile */,
				7601051E26984BB5000F0937 /* Add Announcement Popup */,
				762B08A52697231300358DB4 /* Bar Detail */,
				768FDA172697080E00C817CB /* DataPolicy */,
				76171F502695E2D9007610C3 /* Add your bar */,
				76DF092126934E250001F78E /* Settings */,
				76D4B50F26932D670078945E /* Map */,
				76D4B4EC2693257A0078945E /* Tabbar */,
				76B0973C269308D8003B37E8 /* Login */,
				76B096C7269305FD003B37E8 /* Wellcome */,
			);
			path = Controllers;
			sourceTree = "<group>";
		};
		76B096C7269305FD003B37E8 /* Wellcome */ = {
			isa = PBXGroup;
			children = (
				76B096CA2693061B003B37E8 /* Model */,
				76B096C926930614003B37E8 /* View */,
				76B096C82693060B003B37E8 /* Controller */,
			);
			path = Wellcome;
			sourceTree = "<group>";
		};
		76B096C82693060B003B37E8 /* Controller */ = {
			isa = PBXGroup;
			children = (
				76D4B4C9269312EA0078945E /* WellcomeViewController.swift */,
			);
			path = Controller;
			sourceTree = "<group>";
		};
		76B096C926930614003B37E8 /* View */ = {
			isa = PBXGroup;
			children = (
			);
			path = View;
			sourceTree = "<group>";
		};
		76B096CA2693061B003B37E8 /* Model */ = {
			isa = PBXGroup;
			children = (
			);
			path = Model;
			sourceTree = "<group>";
		};
		76B096CC2693063E003B37E8 /* Delegates */ = {
			isa = PBXGroup;
			children = (
				76B096CD2693063E003B37E8 /* WebServiceResponseDelegate.swift */,
				76B096CE2693063E003B37E8 /* WebServiceDataParsingDelegate.swift */,
				76B096D42693063E003B37E8 /* DatabaseRepresentation.swift */,
				76B096D52693063E003B37E8 /* HelpingDelegates.swift */,
			);
			path = Delegates;
			sourceTree = "<group>";
		};
		76B096D62693063E003B37E8 /* Extension */ = {
			isa = PBXGroup;
			children = (
				76B096D72693063E003B37E8 /* BadgedBarButtonItem.swift */,
				76B096D82693063E003B37E8 /* UIImage+Additions.swift */,
				76B096D92693063E003B37E8 /* UIView+Additions.swift */,
				76B096DA2693063E003B37E8 /* UIViewController+Additions.swift */,
				76B096DB2693063E003B37E8 /* NotificationExtension.swift */,
				76B096DC2693063E003B37E8 /* UIButton+Additions.swift */,
				76B096DD2693063E003B37E8 /* CameraViewController.swift */,
				76B096DE2693063E003B37E8 /* Extensions.swift */,
				76B096DF2693063E003B37E8 /* UITexfield+Additions.swift */,
				76B096E02693063E003B37E8 /* UIPopUp+Additions.swift */,
				76B096E12693063E003B37E8 /* UISearchBar+Additions.swift */,
				76B096E22693063E003B37E8 /* Utility.swift */,
				76B096E32693063E003B37E8 /* NavigationBarExtension.swift */,
				76B096E42693063E003B37E8 /* AppStoryBoard.swift */,
				76B096E52693063E003B37E8 /* UITextView+Additions.swift */,
			);
			path = Extension;
			sourceTree = "<group>";
		};
		76B096E62693063E003B37E8 /* HelperClasses */ = {
			isa = PBXGroup;
			children = (
				76B096E72693063E003B37E8 /* urlHelper.swift */,
				76B096E82693063E003B37E8 /* NVActivityIndicatorPresenter.swift */,
				76B096E92693063E003B37E8 /* CommonHelper.swift */,
				76B096EA2693063E003B37E8 /* WebServicesHelper.swift */,
				76B096EB2693063E003B37E8 /* AlamofireHelper.swift */,
				76B096EC2693063E003B37E8 /* LanguageHelper.swift */,
				76B096ED2693063E003B37E8 /* PopupHelper.swift */,
				76B096EE2693063E003B37E8 /* DateTimeHelper.swift */,
				76B096EF2693063E003B37E8 /* ValidationHelper.swift */,
				76B096F02693063E003B37E8 /* AsyncUtil.swift */,
				76B096F12693063E003B37E8 /* ViewControllerHelper.swift */,
				76B096F22693063E003B37E8 /* NVActivityIndicatorViewable.swift */,
				76B096F32693063E003B37E8 /* DataBaseHelper.swift */,
				76B096F42693063E003B37E8 /* NetworkConnection.swift */,
			);
			path = HelperClasses;
			sourceTree = "<group>";
		};
		76B096F52693063E003B37E8 /* Global */ = {
			isa = PBXGroup;
			children = (
				76B096F62693063E003B37E8 /* Constant.swift */,
				76B096F72693063E003B37E8 /* Globals.swift */,
			);
			path = Global;
			sourceTree = "<group>";
		};
		76B0973C269308D8003B37E8 /* Login */ = {
			isa = PBXGroup;
			children = (
				76B0973F269308EB003B37E8 /* Model */,
				76B0973E269308E7003B37E8 /* View */,
				76B0973D269308E1003B37E8 /* Controller */,
			);
			path = Login;
			sourceTree = "<group>";
		};
		76B0973D269308E1003B37E8 /* Controller */ = {
			isa = PBXGroup;
			children = (
				768FDA232697122700C817CB /* LoginViewController.swift */,
			);
			path = Controller;
			sourceTree = "<group>";
		};
		76B0973E269308E7003B37E8 /* View */ = {
			isa = PBXGroup;
			children = (
			);
			path = View;
			sourceTree = "<group>";
		};
		76B0973F269308EB003B37E8 /* Model */ = {
			isa = PBXGroup;
			children = (
				76B0974026930905003B37E8 /* LoginModel.swift */,
			);
			path = Model;
			sourceTree = "<group>";
		};
		76D4B4CC269314980078945E /* Font */ = {
			isa = PBXGroup;
			children = (
				76D4B4E2269318440078945E /* Cabin */,
				76D4B4D3269314B30078945E /* OpenSans-Bold.ttf */,
				76D4B4D0269314B30078945E /* OpenSans-BoldItalic.ttf */,
				76D4B4D2269314B30078945E /* OpenSans-ExtraBold.ttf */,
				76D4B4D1269314B30078945E /* OpenSans-ExtraBoldItalic.ttf */,
				76D4B4CF269314B30078945E /* OpenSans-Italic.ttf */,
				76D4B4D6269314B40078945E /* OpenSans-Light.ttf */,
				76D4B4D4269314B40078945E /* OpenSans-LightItalic.ttf */,
				76D4B4CD269314B20078945E /* OpenSans-Regular.ttf */,
				76D4B4CE269314B30078945E /* OpenSans-SemiBold.ttf */,
				76D4B4D5269314B40078945E /* OpenSans-SemiBoldItalic.ttf */,
			);
			path = Font;
			sourceTree = "<group>";
		};
		76D4B4E2269318440078945E /* Cabin */ = {
			isa = PBXGroup;
			children = (
				76D4B4E6269318700078945E /* Cabin-Bold.ttf */,
				76D4B4EA269318710078945E /* Cabin-BoldItalic.ttf */,
				76D4B4E5269318700078945E /* Cabin-Italic.ttf */,
				76D4B4E7269318700078945E /* Cabin-Medium.ttf */,
				76D4B4E9269318710078945E /* Cabin-MediumItalic.ttf */,
				76D4B4E8269318700078945E /* Cabin-Regular.ttf */,
				76D4B4E3269318700078945E /* Cabin-SemiBold.ttf */,
				76D4B4E4269318700078945E /* Cabin-SemiBoldItalic.ttf */,
			);
			path = Cabin;
			sourceTree = "<group>";
		};
		76D4B4EC2693257A0078945E /* Tabbar */ = {
			isa = PBXGroup;
			children = (
				76D4B4ED269325820078945E /* Controller */,
			);
			path = Tabbar;
			sourceTree = "<group>";
		};
		76D4B4ED269325820078945E /* Controller */ = {
			isa = PBXGroup;
			children = (
				76D4B4EE269325DA0078945E /* CustomTabBar.swift */,
			);
			path = Controller;
			sourceTree = "<group>";
		};
		76D4B50F26932D670078945E /* Map */ = {
			isa = PBXGroup;
			children = (
				76D4B51126932D7C0078945E /* Model */,
				76D4B51226932D850078945E /* View */,
				76D4B51026932D710078945E /* Controller */,
			);
			path = Map;
			sourceTree = "<group>";
		};
		76D4B51026932D710078945E /* Controller */ = {
			isa = PBXGroup;
			children = (
				76D4B51326932DAA0078945E /* MapViewController.swift */,
			);
			name = Controller;
			path = "../New Group/Controller";
			sourceTree = "<group>";
		};
		76D4B51126932D7C0078945E /* Model */ = {
			isa = PBXGroup;
			children = (
			);
			path = Model;
			sourceTree = "<group>";
		};
		76D4B51226932D850078945E /* View */ = {
			isa = PBXGroup;
			children = (
			);
			path = View;
			sourceTree = "<group>";
		};
		76DF092126934E250001F78E /* Settings */ = {
			isa = PBXGroup;
			children = (
				76DF092426934E3C0001F78E /* Model */,
				76DF092326934E360001F78E /* View */,
				76DF092226934E2A0001F78E /* Controller */,
			);
			path = Settings;
			sourceTree = "<group>";
		};
		76DF092226934E2A0001F78E /* Controller */ = {
			isa = PBXGroup;
			children = (
				76DF092526934E640001F78E /* SettingsViewController.swift */,
			);
			path = Controller;
			sourceTree = "<group>";
		};
		76DF092326934E360001F78E /* View */ = {
			isa = PBXGroup;
			children = (
				76E992512695AE8C003E6505 /* LocationTableViewCell.swift */,
				76E992542695AF3A003E6505 /* AddBarTableViewCell.swift */,
				76E992572695B023003E6505 /* OnlyShowTableViewCell.swift */,
				76E9925A2695B0AC003E6505 /* CommunityTableViewCell.swift */,
				76E9925D2695B140003E6505 /* BorringStuffTableViewCell.swift */,
			);
			path = View;
			sourceTree = "<group>";
		};
		76DF092426934E3C0001F78E /* Model */ = {
			isa = PBXGroup;
			children = (
			);
			path = Model;
			sourceTree = "<group>";
		};
		A3FA8D30203BCF1B9F2338E6 /* Pods */ = {
			isa = PBXGroup;
			children = (
				842A172AF2913CCEFF44A876 /* Pods-Bebelo.debug.xcconfig */,
				571310482A45FDAA0AFE3F9D /* Pods-Bebelo.release.xcconfig */,
			);
			path = Pods;
			sourceTree = "<group>";
		};
/* End PBXGroup section */

/* Begin PBXNativeTarget section */
		76B096A9269304BA003B37E8 /* Bebelo */ = {
			isa = PBXNativeTarget;
			buildConfigurationList = 76B096BE269304BE003B37E8 /* Build configuration list for PBXNativeTarget "Bebelo" */;
			buildPhases = (
				D0984332C7D579AC9FAEB9B6 /* [CP] Check Pods Manifest.lock */,
				76B096A6269304BA003B37E8 /* Sources */,
				76B096A7269304BA003B37E8 /* Frameworks */,
				76B096A8269304BA003B37E8 /* Resources */,
				50EDDEBE690AD31C3E269FDE /* [CP] Embed Pods Frameworks */,
				7D32D4D30C296B6E76C4C228 /* [CP] Copy Pods Resources */,
			);
			buildRules = (
			);
			dependencies = (
			);
			name = Bebelo;
			productName = Bebelo;
			productReference = 76B096AA269304BA003B37E8 /* Bebelo.app */;
			productType = "com.apple.product-type.application";
		};
/* End PBXNativeTarget section */

/* Begin PBXProject section */
		76B096A2269304BA003B37E8 /* Project object */ = {
			isa = PBXProject;
			attributes = {
				LastSwiftUpdateCheck = 1240;
				LastUpgradeCheck = 1240;
				TargetAttributes = {
					76B096A9269304BA003B37E8 = {
						CreatedOnToolsVersion = 12.4;
					};
				};
			};
			buildConfigurationList = 76B096A5269304BA003B37E8 /* Build configuration list for PBXProject "Bebelo" */;
			compatibilityVersion = "Xcode 9.3";
			developmentRegion = en;
			hasScannedForEncodings = 0;
			knownRegions = (
				en,
				Base,
			);
			mainGroup = 76B096A1269304BA003B37E8;
			productRefGroup = 76B096AB269304BA003B37E8 /* Products */;
			projectDirPath = "";
			projectRoot = "";
			targets = (
				76B096A9269304BA003B37E8 /* Bebelo */,
			);
		};
/* End PBXProject section */

/* Begin PBXResourcesBuildPhase section */
		76B096A8269304BA003B37E8 /* Resources */ = {
			isa = PBXResourcesBuildPhase;
			buildActionMask = 2147483647;
			files = (
				76D4B4DF269314B40078945E /* OpenSans-SemiBoldItalic.ttf in Resources */,
				76D4B4D8269314B40078945E /* OpenSans-SemiBold.ttf in Resources */,
				76B096BA269304BE003B37E8 /* LaunchScreen.storyboard in Resources */,
				76D4B4E0269314B40078945E /* OpenSans-Light.ttf in Resources */,
				76D4B4DA269314B40078945E /* OpenSans-BoldItalic.ttf in Resources */,
				76D4B4D9269314B40078945E /* OpenSans-Italic.ttf in Resources */,
				76B096B7269304BE003B37E8 /* Assets.xcassets in Resources */,
				76D4B4DB269314B40078945E /* OpenSans-ExtraBoldItalic.ttf in Resources */,
				76D4B4DD269314B40078945E /* OpenSans-Bold.ttf in Resources */,
				76D4B537269338090078945E /* GoogleService-Info.plist in Resources */,
				76B096B5269304BA003B37E8 /* Main.storyboard in Resources */,
				76D4B4D7269314B40078945E /* OpenSans-Regular.ttf in Resources */,
				76D4B4DC269314B40078945E /* OpenSans-ExtraBold.ttf in Resources */,
				76D4B4DE269314B40078945E /* OpenSans-LightItalic.ttf in Resources */,
			);
			runOnlyForDeploymentPostprocessing = 0;
		};
/* End PBXResourcesBuildPhase section */

/* Begin PBXShellScriptBuildPhase section */
		50EDDEBE690AD31C3E269FDE /* [CP] Embed Pods Frameworks */ = {
			isa = PBXShellScriptBuildPhase;
			buildActionMask = 2147483647;
			files = (
			);
			inputFileListPaths = (
				"${PODS_ROOT}/Target Support Files/Pods-Bebelo/Pods-Bebelo-frameworks-${CONFIGURATION}-input-files.xcfilelist",
			);
			name = "[CP] Embed Pods Frameworks";
			outputFileListPaths = (
				"${PODS_ROOT}/Target Support Files/Pods-Bebelo/Pods-Bebelo-frameworks-${CONFIGURATION}-output-files.xcfilelist",
			);
			runOnlyForDeploymentPostprocessing = 0;
			shellPath = /bin/sh;
			shellScript = "\"${PODS_ROOT}/Target Support Files/Pods-Bebelo/Pods-Bebelo-frameworks.sh\"\n";
			showEnvVarsInLog = 0;
		};
		7D32D4D30C296B6E76C4C228 /* [CP] Copy Pods Resources */ = {
			isa = PBXShellScriptBuildPhase;
			buildActionMask = 2147483647;
			files = (
			);
			inputFileListPaths = (
				"${PODS_ROOT}/Target Support Files/Pods-Bebelo/Pods-Bebelo-resources-${CONFIGURATION}-input-files.xcfilelist",
			);
			name = "[CP] Copy Pods Resources";
			outputFileListPaths = (
				"${PODS_ROOT}/Target Support Files/Pods-Bebelo/Pods-Bebelo-resources-${CONFIGURATION}-output-files.xcfilelist",
			);
			runOnlyForDeploymentPostprocessing = 0;
			shellPath = /bin/sh;
			shellScript = "\"${PODS_ROOT}/Target Support Files/Pods-Bebelo/Pods-Bebelo-resources.sh\"\n";
			showEnvVarsInLog = 0;
		};
		D0984332C7D579AC9FAEB9B6 /* [CP] Check Pods Manifest.lock */ = {
			isa = PBXShellScriptBuildPhase;
			buildActionMask = 2147483647;
			files = (
			);
			inputFileListPaths = (
			);
			inputPaths = (
				"${PODS_PODFILE_DIR_PATH}/Podfile.lock",
				"${PODS_ROOT}/Manifest.lock",
			);
			name = "[CP] Check Pods Manifest.lock";
			outputFileListPaths = (
			);
			outputPaths = (
				"$(DERIVED_FILE_DIR)/Pods-Bebelo-checkManifestLockResult.txt",
			);
			runOnlyForDeploymentPostprocessing = 0;
			shellPath = /bin/sh;
			shellScript = "diff \"${PODS_PODFILE_DIR_PATH}/Podfile.lock\" \"${PODS_ROOT}/Manifest.lock\" > /dev/null\nif [ $? != 0 ] ; then\n    # print error to STDERR\n    echo \"error: The sandbox is not in sync with the Podfile.lock. Run 'pod install' or update your CocoaPods installation.\" >&2\n    exit 1\nfi\n# This output is used by Xcode 'outputs' to avoid re-running this script phase.\necho \"SUCCESS\" > \"${SCRIPT_OUTPUT_FILE_0}\"\n";
			showEnvVarsInLog = 0;
		};
/* End PBXShellScriptBuildPhase section */

/* Begin PBXSourcesBuildPhase section */
		76B096A6269304BA003B37E8 /* Sources */ = {
			isa = PBXSourcesBuildPhase;
			buildActionMask = 2147483647;
			files = (
				768FDA242697122700C817CB /* LoginViewController.swift in Sources */,
				76B097042693063E003B37E8 /* NotificationExtension.swift in Sources */,
				76B097012693063E003B37E8 /* UIImage+Additions.swift in Sources */,
				76171F5B2695E746007610C3 /* BarInfoImageTableViewCell.swift in Sources */,
				76B0971C2693063E003B37E8 /* NetworkConnection.swift in Sources */,
				76E992552695AF3A003E6505 /* AddBarTableViewCell.swift in Sources */,
				760105412698672A000F0937 /* DrinksTableViewCell.swift in Sources */,
				76B097092693063E003B37E8 /* UIPopUp+Additions.swift in Sources */,
				76B096FF2693063E003B37E8 /* HelpingDelegates.swift in Sources */,
				76B097122693063E003B37E8 /* WebServicesHelper.swift in Sources */,
				76171F5E2695E87E007610C3 /* OpeningHourTableViewCell.swift in Sources */,
				76B0970D2693063E003B37E8 /* AppStoryBoard.swift in Sources */,
				76DF092626934E640001F78E /* SettingsViewController.swift in Sources */,
				76B0971D2693063E003B37E8 /* Constant.swift in Sources */,
				76D4B4CA269312EA0078945E /* WellcomeViewController.swift in Sources */,
				76B0971E2693063E003B37E8 /* Globals.swift in Sources */,
				76B096F82693063E003B37E8 /* WebServiceResponseDelegate.swift in Sources */,
				76B096AE269304BA003B37E8 /* AppDelegate.swift in Sources */,
				76171F612695EC86007610C3 /* OpenHoursHeaderTableViewCell.swift in Sources */,
				76B097062693063E003B37E8 /* CameraViewController.swift in Sources */,
				76B0970C2693063E003B37E8 /* NavigationBarExtension.swift in Sources */,
				76B097132693063E003B37E8 /* AlamofireHelper.swift in Sources */,
				76B0971A2693063E003B37E8 /* NVActivityIndicatorViewable.swift in Sources */,
				76D4B4EF269325DA0078945E /* CustomTabBar.swift in Sources */,
				76B097142693063E003B37E8 /* LanguageHelper.swift in Sources */,
				76171F582695E6DD007610C3 /* ContactInfoTableViewCell.swift in Sources */,
				76B097052693063E003B37E8 /* UIButton+Additions.swift in Sources */,
				76B097192693063E003B37E8 /* ViewControllerHelper.swift in Sources */,
				762B08B8269729C900358DB4 /* OtherCategoryTableViewCell.swift in Sources */,
				76B097112693063E003B37E8 /* CommonHelper.swift in Sources */,
				76171F642695EFBE007610C3 /* TermsAndConditionTableViewCell.swift in Sources */,
				76B097022693063E003B37E8 /* UIView+Additions.swift in Sources */,
				76B0970A2693063E003B37E8 /* UISearchBar+Additions.swift in Sources */,
				768FDA1C2697084600C817CB /* DataPolicyViewController.swift in Sources */,
				76D4B51426932DAA0078945E /* MapViewController.swift in Sources */,
				7601052326984C01000F0937 /* AnnouncementPopupViewController.swift in Sources */,
				76B0970F2693063E003B37E8 /* urlHelper.swift in Sources */,
				76171F552695E306007610C3 /* AddYourBarViewController.swift in Sources */,
				76B097072693063E003B37E8 /* Extensions.swift in Sources */,
				76E9925E2695B140003E6505 /* BorringStuffTableViewCell.swift in Sources */,
				76E992582695B023003E6505 /* OnlyShowTableViewCell.swift in Sources */,
				76B0970E2693063E003B37E8 /* UITextView+Additions.swift in Sources */,
				76B097032693063E003B37E8 /* UIViewController+Additions.swift in Sources */,
				762B08AE2697286C00358DB4 /* AnnouncementTableViewCell.swift in Sources */,
				76B097082693063E003B37E8 /* UITexfield+Additions.swift in Sources */,
				762B08B52697295F00358DB4 /* MainCategoryTableViewCell.swift in Sources */,
				76B096F92693063E003B37E8 /* WebServiceDataParsingDelegate.swift in Sources */,
				76E9925B2695B0AC003E6505 /* CommunityTableViewCell.swift in Sources */,
				762B08B12697291E00358DB4 /* BarGalleryTableViewCell.swift in Sources */,
				7601053D26985C67000F0937 /* EditBarProfileViewController.swift in Sources */,
				76B096FE2693063E003B37E8 /* DatabaseRepresentation.swift in Sources */,
				76B097172693063E003B37E8 /* ValidationHelper.swift in Sources */,
				76B097102693063E003B37E8 /* NVActivityIndicatorPresenter.swift in Sources */,
				76B097162693063E003B37E8 /* DateTimeHelper.swift in Sources */,
				76B097152693063E003B37E8 /* PopupHelper.swift in Sources */,
				76E992522695AE8C003E6505 /* LocationTableViewCell.swift in Sources */,
				76B0974126930905003B37E8 /* LoginModel.swift in Sources */,
				76B097002693063E003B37E8 /* BadgedBarButtonItem.swift in Sources */,
				762B08AA2697233800358DB4 /* BarDetailViewController.swift in Sources */,
				76B097182693063E003B37E8 /* AsyncUtil.swift in Sources */,
				76B0971B2693063E003B37E8 /* DataBaseHelper.swift in Sources */,
				76B0970B2693063E003B37E8 /* Utility.swift in Sources */,
			);
			runOnlyForDeploymentPostprocessing = 0;
		};
/* End PBXSourcesBuildPhase section */

/* Begin PBXVariantGroup section */
		76B096B3269304BA003B37E8 /* Main.storyboard */ = {
			isa = PBXVariantGroup;
			children = (
				76B096B4269304BA003B37E8 /* Base */,
			);
			name = Main.storyboard;
			sourceTree = "<group>";
		};
		76B096B8269304BE003B37E8 /* LaunchScreen.storyboard */ = {
			isa = PBXVariantGroup;
			children = (
				76B096B9269304BE003B37E8 /* Base */,
			);
			name = LaunchScreen.storyboard;
			sourceTree = "<group>";
		};
/* End PBXVariantGroup section */

/* Begin XCBuildConfiguration section */
		76B096BC269304BE003B37E8 /* Debug */ = {
			isa = XCBuildConfiguration;
			buildSettings = {
				ALWAYS_SEARCH_USER_PATHS = NO;
				CLANG_ANALYZER_NONNULL = YES;
				CLANG_ANALYZER_NUMBER_OBJECT_CONVERSION = YES_AGGRESSIVE;
				CLANG_CXX_LANGUAGE_STANDARD = "gnu++14";
				CLANG_CXX_LIBRARY = "libc++";
				CLANG_ENABLE_MODULES = YES;
				CLANG_ENABLE_OBJC_ARC = YES;
				CLANG_ENABLE_OBJC_WEAK = YES;
				CLANG_WARN_BLOCK_CAPTURE_AUTORELEASING = YES;
				CLANG_WARN_BOOL_CONVERSION = YES;
				CLANG_WARN_COMMA = YES;
				CLANG_WARN_CONSTANT_CONVERSION = YES;
				CLANG_WARN_DEPRECATED_OBJC_IMPLEMENTATIONS = YES;
				CLANG_WARN_DIRECT_OBJC_ISA_USAGE = YES_ERROR;
				CLANG_WARN_DOCUMENTATION_COMMENTS = YES;
				CLANG_WARN_EMPTY_BODY = YES;
				CLANG_WARN_ENUM_CONVERSION = YES;
				CLANG_WARN_INFINITE_RECURSION = YES;
				CLANG_WARN_INT_CONVERSION = YES;
				CLANG_WARN_NON_LITERAL_NULL_CONVERSION = YES;
				CLANG_WARN_OBJC_IMPLICIT_RETAIN_SELF = YES;
				CLANG_WARN_OBJC_LITERAL_CONVERSION = YES;
				CLANG_WARN_OBJC_ROOT_CLASS = YES_ERROR;
				CLANG_WARN_QUOTED_INCLUDE_IN_FRAMEWORK_HEADER = YES;
				CLANG_WARN_RANGE_LOOP_ANALYSIS = YES;
				CLANG_WARN_STRICT_PROTOTYPES = YES;
				CLANG_WARN_SUSPICIOUS_MOVE = YES;
				CLANG_WARN_UNGUARDED_AVAILABILITY = YES_AGGRESSIVE;
				CLANG_WARN_UNREACHABLE_CODE = YES;
				CLANG_WARN__DUPLICATE_METHOD_MATCH = YES;
				COPY_PHASE_STRIP = NO;
				DEBUG_INFORMATION_FORMAT = dwarf;
				ENABLE_STRICT_OBJC_MSGSEND = YES;
				ENABLE_TESTABILITY = YES;
				GCC_C_LANGUAGE_STANDARD = gnu11;
				GCC_DYNAMIC_NO_PIC = NO;
				GCC_NO_COMMON_BLOCKS = YES;
				GCC_OPTIMIZATION_LEVEL = 0;
				GCC_PREPROCESSOR_DEFINITIONS = (
					"DEBUG=1",
					"$(inherited)",
				);
				GCC_WARN_64_TO_32_BIT_CONVERSION = YES;
				GCC_WARN_ABOUT_RETURN_TYPE = YES_ERROR;
				GCC_WARN_UNDECLARED_SELECTOR = YES;
				GCC_WARN_UNINITIALIZED_AUTOS = YES_AGGRESSIVE;
				GCC_WARN_UNUSED_FUNCTION = YES;
				GCC_WARN_UNUSED_VARIABLE = YES;
				IPHONEOS_DEPLOYMENT_TARGET = 14.4;
				MTL_ENABLE_DEBUG_INFO = INCLUDE_SOURCE;
				MTL_FAST_MATH = YES;
				ONLY_ACTIVE_ARCH = YES;
				SDKROOT = iphoneos;
				SWIFT_ACTIVE_COMPILATION_CONDITIONS = DEBUG;
				SWIFT_OPTIMIZATION_LEVEL = "-Onone";
			};
			name = Debug;
		};
		76B096BD269304BE003B37E8 /* Release */ = {
			isa = XCBuildConfiguration;
			buildSettings = {
				ALWAYS_SEARCH_USER_PATHS = NO;
				CLANG_ANALYZER_NONNULL = YES;
				CLANG_ANALYZER_NUMBER_OBJECT_CONVERSION = YES_AGGRESSIVE;
				CLANG_CXX_LANGUAGE_STANDARD = "gnu++14";
				CLANG_CXX_LIBRARY = "libc++";
				CLANG_ENABLE_MODULES = YES;
				CLANG_ENABLE_OBJC_ARC = YES;
				CLANG_ENABLE_OBJC_WEAK = YES;
				CLANG_WARN_BLOCK_CAPTURE_AUTORELEASING = YES;
				CLANG_WARN_BOOL_CONVERSION = YES;
				CLANG_WARN_COMMA = YES;
				CLANG_WARN_CONSTANT_CONVERSION = YES;
				CLANG_WARN_DEPRECATED_OBJC_IMPLEMENTATIONS = YES;
				CLANG_WARN_DIRECT_OBJC_ISA_USAGE = YES_ERROR;
				CLANG_WARN_DOCUMENTATION_COMMENTS = YES;
				CLANG_WARN_EMPTY_BODY = YES;
				CLANG_WARN_ENUM_CONVERSION = YES;
				CLANG_WARN_INFINITE_RECURSION = YES;
				CLANG_WARN_INT_CONVERSION = YES;
				CLANG_WARN_NON_LITERAL_NULL_CONVERSION = YES;
				CLANG_WARN_OBJC_IMPLICIT_RETAIN_SELF = YES;
				CLANG_WARN_OBJC_LITERAL_CONVERSION = YES;
				CLANG_WARN_OBJC_ROOT_CLASS = YES_ERROR;
				CLANG_WARN_QUOTED_INCLUDE_IN_FRAMEWORK_HEADER = YES;
				CLANG_WARN_RANGE_LOOP_ANALYSIS = YES;
				CLANG_WARN_STRICT_PROTOTYPES = YES;
				CLANG_WARN_SUSPICIOUS_MOVE = YES;
				CLANG_WARN_UNGUARDED_AVAILABILITY = YES_AGGRESSIVE;
				CLANG_WARN_UNREACHABLE_CODE = YES;
				CLANG_WARN__DUPLICATE_METHOD_MATCH = YES;
				COPY_PHASE_STRIP = NO;
				DEBUG_INFORMATION_FORMAT = "dwarf-with-dsym";
				ENABLE_NS_ASSERTIONS = NO;
				ENABLE_STRICT_OBJC_MSGSEND = YES;
				GCC_C_LANGUAGE_STANDARD = gnu11;
				GCC_NO_COMMON_BLOCKS = YES;
				GCC_WARN_64_TO_32_BIT_CONVERSION = YES;
				GCC_WARN_ABOUT_RETURN_TYPE = YES_ERROR;
				GCC_WARN_UNDECLARED_SELECTOR = YES;
				GCC_WARN_UNINITIALIZED_AUTOS = YES_AGGRESSIVE;
				GCC_WARN_UNUSED_FUNCTION = YES;
				GCC_WARN_UNUSED_VARIABLE = YES;
				IPHONEOS_DEPLOYMENT_TARGET = 14.4;
				MTL_ENABLE_DEBUG_INFO = NO;
				MTL_FAST_MATH = YES;
				SDKROOT = iphoneos;
				SWIFT_COMPILATION_MODE = wholemodule;
				SWIFT_OPTIMIZATION_LEVEL = "-O";
				VALIDATE_PRODUCT = YES;
			};
			name = Release;
		};
		76B096BF269304BE003B37E8 /* Debug */ = {
			isa = XCBuildConfiguration;
			baseConfigurationReference = 842A172AF2913CCEFF44A876 /* Pods-Bebelo.debug.xcconfig */;
			buildSettings = {
				ASSETCATALOG_COMPILER_APPICON_NAME = AppIcon;
				ASSETCATALOG_COMPILER_GLOBAL_ACCENT_COLOR_NAME = AccentColor;
				CODE_SIGN_STYLE = Automatic;
				DEVELOPMENT_TEAM = 638JFH4RR5;
				INFOPLIST_FILE = Bebelo/Info.plist;
				LD_RUNPATH_SEARCH_PATHS = (
					"$(inherited)",
					"@executable_path/Frameworks",
				);
				PRODUCT_BUNDLE_IDENTIFIER = com.BuzzwareTech.Bebelo;
				PRODUCT_NAME = "$(TARGET_NAME)";
				SWIFT_VERSION = 5.0;
				TARGETED_DEVICE_FAMILY = 1;
			};
			name = Debug;
		};
		76B096C0269304BE003B37E8 /* Release */ = {
			isa = XCBuildConfiguration;
			baseConfigurationReference = 571310482A45FDAA0AFE3F9D /* Pods-Bebelo.release.xcconfig */;
			buildSettings = {
				ASSETCATALOG_COMPILER_APPICON_NAME = AppIcon;
				ASSETCATALOG_COMPILER_GLOBAL_ACCENT_COLOR_NAME = AccentColor;
				CODE_SIGN_STYLE = Automatic;
				DEVELOPMENT_TEAM = 638JFH4RR5;
				INFOPLIST_FILE = Bebelo/Info.plist;
				LD_RUNPATH_SEARCH_PATHS = (
					"$(inherited)",
					"@executable_path/Frameworks",
				);
				PRODUCT_BUNDLE_IDENTIFIER = com.BuzzwareTech.Bebelo;
				PRODUCT_NAME = "$(TARGET_NAME)";
				SWIFT_VERSION = 5.0;
				TARGETED_DEVICE_FAMILY = 1;
			};
			name = Release;
		};
/* End XCBuildConfiguration section */

/* Begin XCConfigurationList section */
		76B096A5269304BA003B37E8 /* Build configuration list for PBXProject "Bebelo" */ = {
			isa = XCConfigurationList;
			buildConfigurations = (
				76B096BC269304BE003B37E8 /* Debug */,
				76B096BD269304BE003B37E8 /* Release */,
			);
			defaultConfigurationIsVisible = 0;
			defaultConfigurationName = Release;
		};
		76B096BE269304BE003B37E8 /* Build configuration list for PBXNativeTarget "Bebelo" */ = {
			isa = XCConfigurationList;
			buildConfigurations = (
				76B096BF269304BE003B37E8 /* Debug */,
				76B096C0269304BE003B37E8 /* Release */,
			);
			defaultConfigurationIsVisible = 0;
			defaultConfigurationName = Release;
		};
/* End XCConfigurationList section */
	};
	rootObject = 76B096A2269304BA003B37E8 /* Project object */;
}
